
Microsoft Visual Studio Solution File, Format Version 12.00
# Visual Studio Version 17
VisualStudioVersion = 17.8.34408.163
MinimumVisualStudioVersion = 10.0.40219.1
Project("{C9674DCB-5085-4A16-B785-4C70DD1589BD}") = "Sales SSIS", "Sales SSIS.dtproj", "{79FE439D-0B57-4473-94B0-128EBE032DF7}"
EndProject
Global
	GlobalSection(SolutionConfigurationPlatforms) = preSolution
		Development|Default = Development|Default
	EndGlobalSection
	GlobalSection(ProjectConfigurationPlatforms) = postSolution
		{79FE439D-0B57-4473-94B0-128EBE032DF7}.Development|Default.ActiveCfg = Development
		{79FE439D-0B57-4473-94B0-128EBE032DF7}.Development|Default.Build.0 = Development
	EndGlobalSection
	GlobalSection(SolutionProperties) = preSolution
		HideSolutionNode = FALSE
	EndGlobalSection
	GlobalSection(ExtensibilityGlobals) = postSolution
		SolutionGuid = {08953C45-9E1B-40E2-819A-194F80DB59A4}
	EndGlobalSection
EndGlobal
